
Microsoft Visual Studio Solution File, Format Version 12.00
# Visual Studio Version 17
VisualStudioVersion = 17.7.34031.279
MinimumVisualStudioVersion = 10.0.40219.1
Project("{9A19103F-16F7-4668-BE54-9A1E7A4F7556}") = "Task_1", "Task_1.csproj", "{C2E434AC-DCD7-4BBF-8602-B90BF798381D}"
EndProject
Global
	GlobalSection(SolutionConfigurationPlatforms) = preSolution
		Debug|Any CPU = Debug|Any CPU
		Release|Any CPU = Release|Any CPU
	EndGlobalSection
	GlobalSection(ProjectConfigurationPlatforms) = postSolution
		{C2E434AC-DCD7-4BBF-8602-B90BF798381D}.Debug|Any CPU.ActiveCfg = Debug|Any CPU
		{C2E434AC-DCD7-4BBF-8602-B90BF798381D}.Debug|Any CPU.Build.0 = Debug|Any CPU
		{C2E434AC-DCD7-4BBF-8602-B90BF798381D}.Release|Any CPU.ActiveCfg = Release|Any CPU
		{C2E434AC-DCD7-4BBF-8602-B90BF798381D}.Release|Any CPU.Build.0 = Release|Any CPU
	EndGlobalSection
	GlobalSection(SolutionProperties) = preSolution
		HideSolutionNode = FALSE
	EndGlobalSection
	GlobalSection(ExtensibilityGlobals) = postSolution
		SolutionGuid = {53E24620-6F2C-4FFF-ABA6-0A657ED83A61}
	EndGlobalSection
EndGlobal
